
Microsoft Visual Studio Solution File, Format Version 12.00
# Visual Studio Version 17
VisualStudioVersion = 17.11.35222.181
MinimumVisualStudioVersion = 10.0.40219.1
Project("{FAE04EC0-301F-11D3-BF4B-00C04F79EFBC}") = "Lab3", "Lab3\Lab3.csproj", "{1BD386BA-B5CF-460B-B4E0-470C4E779455}"
EndProject
Global
	GlobalSection(SolutionConfigurationPlatforms) = preSolution
		Debug|Any CPU = Debug|Any CPU
		Release|Any CPU = Release|Any CPU
	EndGlobalSection
	GlobalSection(ProjectConfigurationPlatforms) = postSolution
		{1BD386BA-B5CF-460B-B4E0-470C4E779455}.Debug|Any CPU.ActiveCfg = Debug|Any CPU
		{1BD386BA-B5CF-460B-B4E0-470C4E779455}.Debug|Any CPU.Build.0 = Debug|Any CPU
		{1BD386BA-B5CF-460B-B4E0-470C4E779455}.Release|Any CPU.ActiveCfg = Release|Any CPU
		{1BD386BA-B5CF-460B-B4E0-470C4E779455}.Release|Any CPU.Build.0 = Release|Any CPU
	EndGlobalSection
	GlobalSection(SolutionProperties) = preSolution
		HideSolutionNode = FALSE
	EndGlobalSection
	GlobalSection(ExtensibilityGlobals) = postSolution
		SolutionGuid = {AF306EA8-4388-4F13-9709-692497844755}
	EndGlobalSection
EndGlobal
